// !$*UTF8*$!
{
	archiveVersion = 1;
	classes = {
	};
	objectVersion = 50;
	objects = {

/* Begin PBXBuildFile section */
		0BAFB64D25CD8B12005579D8 /* LandmarksApp.swift in Sources */ = {isa = PBXBuildFile; fileRef = 0BAFB64C25CD8B12005579D8 /* LandmarksApp.swift */; };
		0BAFB64F25CD8B12005579D8 /* ContentView.swift in Sources */ = {isa = PBXBuildFile; fileRef = 0BAFB64E25CD8B12005579D8 /* ContentView.swift */; };
		0BAFB65125CD8B13005579D8 /* Assets.xcassets in Resources */ = {isa = PBXBuildFile; fileRef = 0BAFB65025CD8B13005579D8 /* Assets.xcassets */; };
		0BAFB65425CD8B13005579D8 /* Preview Assets.xcassets in Resources */ = {isa = PBXBuildFile; fileRef = 0BAFB65325CD8B13005579D8 /* Preview Assets.xcassets */; };
		0BAFB65F25CD8B13005579D8 /* LandmarksTests.swift in Sources */ = {isa = PBXBuildFile; fileRef = 0BAFB65E25CD8B13005579D8 /* LandmarksTests.swift */; };
		0BAFB66A25CD8B13005579D8 /* LandmarksUITests.swift in Sources */ = {isa = PBXBuildFile; fileRef = 0BAFB66925CD8B13005579D8 /* LandmarksUITests.swift */; };
		0BAFB67B25CD901D005579D8 /* CircleImage.swift in Sources */ = {isa = PBXBuildFile; fileRef = 0BAFB67A25CD901D005579D8 /* CircleImage.swift */; };
		0BAFB68325CD91C9005579D8 /* MapView.swift in Sources */ = {isa = PBXBuildFile; fileRef = 0BAFB68225CD91C9005579D8 /* MapView.swift */; };
/* End PBXBuildFile section */

/* Begin PBXContainerItemProxy section */
		0BAFB65B25CD8B13005579D8 /* PBXContainerItemProxy */ = {
			isa = PBXContainerItemProxy;
			containerPortal = 0BAFB64125CD8B12005579D8 /* Project object */;
			proxyType = 1;
			remoteGlobalIDString = 0BAFB64825CD8B12005579D8;
			remoteInfo = Landmarks;
		};
		0BAFB66625CD8B13005579D8 /* PBXContainerItemProxy */ = {
			isa = PBXContainerItemProxy;
			containerPortal = 0BAFB64125CD8B12005579D8 /* Project object */;
			proxyType = 1;
			remoteGlobalIDString = 0BAFB64825CD8B12005579D8;
			remoteInfo = Landmarks;
		};
/* End PBXContainerItemProxy section */

/* Begin PBXFileReference section */
		0BAFB64925CD8B12005579D8 /* Landmarks.app */ = {isa = PBXFileReference; explicitFileType = wrapper.application; includeInIndex = 0; path = Landmarks.app; sourceTree = BUILT_PRODUCTS_DIR; };
		0BAFB64C25CD8B12005579D8 /* LandmarksApp.swift */ = {isa = PBXFileReference; lastKnownFileType = sourcecode.swift; path = LandmarksApp.swift; sourceTree = "<group>"; };
		0BAFB64E25CD8B12005579D8 /* ContentView.swift */ = {isa = PBXFileReference; lastKnownFileType = sourcecode.swift; path = ContentView.swift; sourceTree = "<group>"; };
		0BAFB65025CD8B13005579D8 /* Assets.xcassets */ = {isa = PBXFileReference; lastKnownFileType = folder.assetcatalog; path = Assets.xcassets; sourceTree = "<group>"; };
		0BAFB65325CD8B13005579D8 /* Preview Assets.xcassets */ = {isa = PBXFileReference; lastKnownFileType = folder.assetcatalog; path = "Preview Assets.xcassets"; sourceTree = "<group>"; };
		0BAFB65525CD8B13005579D8 /* Info.plist */ = {isa = PBXFileReference; lastKnownFileType = text.plist.xml; path = Info.plist; sourceTree = "<group>"; };
		0BAFB65A25CD8B13005579D8 /* LandmarksTests.xctest */ = {isa = PBXFileReference; explicitFileType = wrapper.cfbundle; includeInIndex = 0; path = LandmarksTests.xctest; sourceTree = BUILT_PRODUCTS_DIR; };
		0BAFB65E25CD8B13005579D8 /* LandmarksTests.swift */ = {isa = PBXFileReference; lastKnownFileType = sourcecode.swift; path = LandmarksTests.swift; sourceTree = "<group>"; };
		0BAFB66025CD8B13005579D8 /* Info.plist */ = {isa = PBXFileReference; lastKnownFileType = text.plist.xml; path = Info.plist; sourceTree = "<group>"; };
		0BAFB66525CD8B13005579D8 /* LandmarksUITests.xctest */ = {isa = PBXFileReference; explicitFileType = wrapper.cfbundle; includeInIndex = 0; path = LandmarksUITests.xctest; sourceTree = BUILT_PRODUCTS_DIR; };
		0BAFB66925CD8B13005579D8 /* LandmarksUITests.swift */ = {isa = PBXFileReference; lastKnownFileType = sourcecode.swift; path = LandmarksUITests.swift; sourceTree = "<group>"; };
		0BAFB66B25CD8B13005579D8 /* Info.plist */ = {isa = PBXFileReference; lastKnownFileType = text.plist.xml; path = Info.plist; sourceTree = "<group>"; };
		0BAFB67A25CD901D005579D8 /* CircleImage.swift */ = {isa = PBXFileReference; lastKnownFileType = sourcecode.swift; path = CircleImage.swift; sourceTree = "<group>"; };
		0BAFB68225CD91C9005579D8 /* MapView.swift */ = {isa = PBXFileReference; lastKnownFileType = sourcecode.swift; path = MapView.swift; sourceTree = "<group>"; };
/* End PBXFileReference section */

/* Begin PBXFrameworksBuildPhase section */
		0BAFB64625CD8B12005579D8 /* Frameworks */ = {
			isa = PBXFrameworksBuildPhase;
			buildActionMask = 2147483647;
			files = (
			);
			runOnlyForDeploymentPostprocessing = 0;
		};
		0BAFB65725CD8B13005579D8 /* Frameworks */ = {
			isa = PBXFrameworksBuildPhase;
			buildActionMask = 2147483647;
			files = (
			);
			runOnlyForDeploymentPostprocessing = 0;
		};
		0BAFB66225CD8B13005579D8 /* Frameworks */ = {
			isa = PBXFrameworksBuildPhase;
			buildActionMask = 2147483647;
			files = (
			);
			runOnlyForDeploymentPostprocessing = 0;
		};
/* End PBXFrameworksBuildPhase section */

/* Begin PBXGroup section */
		0BAFB64025CD8B12005579D8 = {
			isa = PBXGroup;
			children = (
				0BAFB64B25CD8B12005579D8 /* Landmarks */,
				0BAFB65D25CD8B13005579D8 /* LandmarksTests */,
				0BAFB66825CD8B13005579D8 /* LandmarksUITests */,
				0BAFB64A25CD8B12005579D8 /* Products */,
			);
			sourceTree = "<group>";
		};
		0BAFB64A25CD8B12005579D8 /* Products */ = {
			isa = PBXGroup;
			children = (
				0BAFB64925CD8B12005579D8 /* Landmarks.app */,
				0BAFB65A25CD8B13005579D8 /* LandmarksTests.xctest */,
				0BAFB66525CD8B13005579D8 /* LandmarksUITests.xctest */,
			);
			name = Products;
			sourceTree = "<group>";
		};
		0BAFB64B25CD8B12005579D8 /* Landmarks */ = {
			isa = PBXGroup;
			children = (
				0BAFB64C25CD8B12005579D8 /* LandmarksApp.swift */,
				0BAFB64E25CD8B12005579D8 /* ContentView.swift */,
				0BAFB65025CD8B13005579D8 /* Assets.xcassets */,
				0BAFB65525CD8B13005579D8 /* Info.plist */,
				0BAFB65225CD8B13005579D8 /* Preview Content */,
				0BAFB67A25CD901D005579D8 /* CircleImage.swift */,
				0BAFB68225CD91C9005579D8 /* MapView.swift */,
			);
			path = Landmarks;
			sourceTree = "<group>";
		};
		0BAFB65225CD8B13005579D8 /* Preview Content */ = {
			isa = PBXGroup;
			children = (
				0BAFB65325CD8B13005579D8 /* Preview Assets.xcassets */,
			);
			path = "Preview Content";
			sourceTree = "<group>";
		};
		0BAFB65D25CD8B13005579D8 /* LandmarksTests */ = {
			isa = PBXGroup;
			children = (
				0BAFB65E25CD8B13005579D8 /* LandmarksTests.swift */,
				0BAFB66025CD8B13005579D8 /* Info.plist */,
			);
			path = LandmarksTests;
			sourceTree = "<group>";
		};
		0BAFB66825CD8B13005579D8 /* LandmarksUITests */ = {
			isa = PBXGroup;
			children = (
				0BAFB66925CD8B13005579D8 /* LandmarksUITests.swift */,
				0BAFB66B25CD8B13005579D8 /* Info.plist */,
			);
			path = LandmarksUITests;
			sourceTree = "<group>";
		};
/* End PBXGroup section */

/* Begin PBXNativeTarget section */
		0BAFB64825CD8B12005579D8 /* Landmarks */ = {
			isa = PBXNativeTarget;
			buildConfigurationList = 0BAFB66E25CD8B13005579D8 /* Build configuration list for PBXNativeTarget "Landmarks" */;
			buildPhases = (
				0BAFB64525CD8B12005579D8 /* Sources */,
				0BAFB64625CD8B12005579D8 /* Frameworks */,
				0BAFB64725CD8B12005579D8 /* Resources */,
			);
			buildRules = (
			);
			dependencies = (
			);
			name = Landmarks;
			productName = Landmarks;
			productReference = 0BAFB64925CD8B12005579D8 /* Landmarks.app */;
			productType = "com.apple.product-type.application";
		};
		0BAFB65925CD8B13005579D8 /* LandmarksTests */ = {
			isa = PBXNativeTarget;
			buildConfigurationList = 0BAFB67125CD8B13005579D8 /* Build configuration list for PBXNativeTarget "LandmarksTests" */;
			buildPhases = (
				0BAFB65625CD8B13005579D8 /* Sources */,
				0BAFB65725CD8B13005579D8 /* Frameworks */,
				0BAFB65825CD8B13005579D8 /* Resources */,
			);
			buildRules = (
			);
			dependencies = (
				0BAFB65C25CD8B13005579D8 /* PBXTargetDependency */,
			);
			name = LandmarksTests;
			productName = LandmarksTests;
			productReference = 0BAFB65A25CD8B13005579D8 /* LandmarksTests.xctest */;
			productType = "com.apple.product-type.bundle.unit-test";
		};
		0BAFB66425CD8B13005579D8 /* LandmarksUITests */ = {
			isa = PBXNativeTarget;
			buildConfigurationList = 0BAFB67425CD8B13005579D8 /* Build configuration list for PBXNativeTarget "LandmarksUITests" */;
			buildPhases = (
				0BAFB66125CD8B13005579D8 /* Sources */,
				0BAFB66225CD8B13005579D8 /* Frameworks */,
				0BAFB66325CD8B13005579D8 /* Resources */,
			);
			buildRules = (
			);
			dependencies = (
				0BAFB66725CD8B13005579D8 /* PBXTargetDependency */,
			);
			name = LandmarksUITests;
			productName = LandmarksUITests;
			productReference = 0BAFB66525CD8B13005579D8 /* LandmarksUITests.xctest */;
			productType = "com.apple.product-type.bundle.ui-testing";
		};
/* End PBXNativeTarget section */

/* Begin PBXProject section */
		0BAFB64125CD8B12005579D8 /* Project object */ = {
			isa = PBXProject;
			attributes = {
				LastSwiftUpdateCheck = 1240;
				LastUpgradeCheck = 1240;
				TargetAttributes = {
					0BAFB64825CD8B12005579D8 = {
						CreatedOnToolsVersion = 12.4;
					};
					0BAFB65925CD8B13005579D8 = {
						CreatedOnToolsVersion = 12.4;
						TestTargetID = 0BAFB64825CD8B12005579D8;
					};
					0BAFB66425CD8B13005579D8 = {
						CreatedOnToolsVersion = 12.4;
						TestTargetID = 0BAFB64825CD8B12005579D8;
					};
				};
			};
			buildConfigurationList = 0BAFB64425CD8B12005579D8 /* Build configuration list for PBXProject "Landmarks" */;
			compatibilityVersion = "Xcode 9.3";
			developmentRegion = en;
			hasScannedForEncodings = 0;
			knownRegions = (
				en,
				Base,
			);
			mainGroup = 0BAFB64025CD8B12005579D8;
			productRefGroup = 0BAFB64A25CD8B12005579D8 /* Products */;
			projectDirPath = "";
			projectRoot = "";
			targets = (
				0BAFB64825CD8B12005579D8 /* Landmarks */,
				0BAFB65925CD8B13005579D8 /* LandmarksTests */,
				0BAFB66425CD8B13005579D8 /* LandmarksUITests */,
			);
		};
/* End PBXProject section */

/* Begin PBXResourcesBuildPhase section */
		0BAFB64725CD8B12005579D8 /* Resources */ = {
			isa = PBXResourcesBuildPhase;
			buildActionMask = 2147483647;
			files = (
				0BAFB65425CD8B13005579D8 /* Preview Assets.xcassets in Resources */,
				0BAFB65125CD8B13005579D8 /* Assets.xcassets in Resources */,
			);
			runOnlyForDeploymentPostprocessing = 0;
		};
		0BAFB65825CD8B13005579D8 /* Resources */ = {
			isa = PBXResourcesBuildPhase;
			buildActionMask = 2147483647;
			files = (
			);
			runOnlyForDeploymentPostprocessing = 0;
		};
		0BAFB66325CD8B13005579D8 /* Resources */ = {
			isa = PBXResourcesBuildPhase;
			buildActionMask = 2147483647;
			files = (
			);
			runOnlyForDeploymentPostprocessing = 0;
		};
/* End PBXResourcesBuildPhase section */

/* Begin PBXSourcesBuildPhase section */
		0BAFB64525CD8B12005579D8 /* Sources */ = {
			isa = PBXSourcesBuildPhase;
			buildActionMask = 2147483647;
			files = (
				0BAFB64F25CD8B12005579D8 /* ContentView.swift in Sources */,
				0BAFB68325CD91C9005579D8 /* MapView.swift in Sources */,
				0BAFB64D25CD8B12005579D8 /* LandmarksApp.swift in Sources */,
				0BAFB67B25CD901D005579D8 /* CircleImage.swift in Sources */,
			);
			runOnlyForDeploymentPostprocessing = 0;
		};
		0BAFB65625CD8B13005579D8 /* Sources */ = {
			isa = PBXSourcesBuildPhase;
			buildActionMask = 2147483647;
			files = (
				0BAFB65F25CD8B13005579D8 /* LandmarksTests.swift in Sources */,
			);
			runOnlyForDeploymentPostprocessing = 0;
		};
		0BAFB66125CD8B13005579D8 /* Sources */ = {
			isa = PBXSourcesBuildPhase;
			buildActionMask = 2147483647;
			files = (
				0BAFB66A25CD8B13005579D8 /* LandmarksUITests.swift in Sources */,
			);
			runOnlyForDeploymentPostprocessing = 0;
		};
/* End PBXSourcesBuildPhase section */

/* Begin PBXTargetDependency section */
		0BAFB65C25CD8B13005579D8 /* PBXTargetDependency */ = {
			isa = PBXTargetDependency;
			target = 0BAFB64825CD8B12005579D8 /* Landmarks */;
			targetProxy = 0BAFB65B25CD8B13005579D8 /* PBXContainerItemProxy */;
		};
		0BAFB66725CD8B13005579D8 /* PBXTargetDependency */ = {
			isa = PBXTargetDependency;
			target = 0BAFB64825CD8B12005579D8 /* Landmarks */;
			targetProxy = 0BAFB66625CD8B13005579D8 /* PBXContainerItemProxy */;
		};
/* End PBXTargetDependency section */

/* Begin XCBuildConfiguration section */
		0BAFB66C25CD8B13005579D8 /* Debug */ = {
			isa = XCBuildConfiguration;
			buildSettings = {
				ALWAYS_SEARCH_USER_PATHS = NO;
				CLANG_ANALYZER_NONNULL = YES;
				CLANG_ANALYZER_NUMBER_OBJECT_CONVERSION = YES_AGGRESSIVE;
				CLANG_CXX_LANGUAGE_STANDARD = "gnu++14";
				CLANG_CXX_LIBRARY = "libc++";
				CLANG_ENABLE_MODULES = YES;
				CLANG_ENABLE_OBJC_ARC = YES;
				CLANG_ENABLE_OBJC_WEAK = YES;
				CLANG_WARN_BLOCK_CAPTURE_AUTORELEASING = YES;
				CLANG_WARN_BOOL_CONVERSION = YES;
				CLANG_WARN_COMMA = YES;
				CLANG_WARN_CONSTANT_CONVERSION = YES;
				CLANG_WARN_DEPRECATED_OBJC_IMPLEMENTATIONS = YES;
				CLANG_WARN_DIRECT_OBJC_ISA_USAGE = YES_ERROR;
				CLANG_WARN_DOCUMENTATION_COMMENTS = YES;
				CLANG_WARN_EMPTY_BODY = YES;
				CLANG_WARN_ENUM_CONVERSION = YES;
				CLANG_WARN_INFINITE_RECURSION = YES;
				CLANG_WARN_INT_CONVERSION = YES;
				CLANG_WARN_NON_LITERAL_NULL_CONVERSION = YES;
				CLANG_WARN_OBJC_IMPLICIT_RETAIN_SELF = YES;
				CLANG_WARN_OBJC_LITERAL_CONVERSION = YES;
				CLANG_WARN_OBJC_ROOT_CLASS = YES_ERROR;
				CLANG_WARN_QUOTED_INCLUDE_IN_FRAMEWORK_HEADER = YES;
				CLANG_WARN_RANGE_LOOP_ANALYSIS = YES;
				CLANG_WARN_STRICT_PROTOTYPES = YES;
				CLANG_WARN_SUSPICIOUS_MOVE = YES;
				CLANG_WARN_UNGUARDED_AVAILABILITY = YES_AGGRESSIVE;
				CLANG_WARN_UNREACHABLE_CODE = YES;
				CLANG_WARN__DUPLICATE_METHOD_MATCH = YES;
				COPY_PHASE_STRIP = NO;
				DEBUG_INFORMATION_FORMAT = dwarf;
				ENABLE_STRICT_OBJC_MSGSEND = YES;
				ENABLE_TESTABILITY = YES;
				GCC_C_LANGUAGE_STANDARD = gnu11;
				GCC_DYNAMIC_NO_PIC = NO;
				GCC_NO_COMMON_BLOCKS = YES;
				GCC_OPTIMIZATION_LEVEL = 0;
				GCC_PREPROCESSOR_DEFINITIONS = (
					"DEBUG=1",
					"$(inherited)",
				);
				GCC_WARN_64_TO_32_BIT_CONVERSION = YES;
				GCC_WARN_ABOUT_RETURN_TYPE = YES_ERROR;
				GCC_WARN_UNDECLARED_SELECTOR = YES;
				GCC_WARN_UNINITIALIZED_AUTOS = YES_AGGRESSIVE;
				GCC_WARN_UNUSED_FUNCTION = YES;
				GCC_WARN_UNUSED_VARIABLE = YES;
				IPHONEOS_DEPLOYMENT_TARGET = 14.4;
				MTL_ENABLE_DEBUG_INFO = INCLUDE_SOURCE;
				MTL_FAST_MATH = YES;
				ONLY_ACTIVE_ARCH = YES;
				SDKROOT = iphoneos;
				SWIFT_ACTIVE_COMPILATION_CONDITIONS = DEBUG;
				SWIFT_OPTIMIZATION_LEVEL = "-Onone";
			};
			name = Debug;
		};
		0BAFB66D25CD8B13005579D8 /* Release */ = {
			isa = XCBuildConfiguration;
			buildSettings = {
				ALWAYS_SEARCH_USER_PATHS = NO;
				CLANG_ANALYZER_NONNULL = YES;
				CLANG_ANALYZER_NUMBER_OBJECT_CONVERSION = YES_AGGRESSIVE;
				CLANG_CXX_LANGUAGE_STANDARD = "gnu++14";
				CLANG_CXX_LIBRARY = "libc++";
				CLANG_ENABLE_MODULES = YES;
				CLANG_ENABLE_OBJC_ARC = YES;
				CLANG_ENABLE_OBJC_WEAK = YES;
				CLANG_WARN_BLOCK_CAPTURE_AUTORELEASING = YES;
				CLANG_WARN_BOOL_CONVERSION = YES;
				CLANG_WARN_COMMA = YES;
				CLANG_WARN_CONSTANT_CONVERSION = YES;
				CLANG_WARN_DEPRECATED_OBJC_IMPLEMENTATIONS = YES;
				CLANG_WARN_DIRECT_OBJC_ISA_USAGE = YES_ERROR;
				CLANG_WARN_DOCUMENTATION_COMMENTS = YES;
				CLANG_WARN_EMPTY_BODY = YES;
				CLANG_WARN_ENUM_CONVERSION = YES;
				CLANG_WARN_INFINITE_RECURSION = YES;
				CLANG_WARN_INT_CONVERSION = YES;
				CLANG_WARN_NON_LITERAL_NULL_CONVERSION = YES;
				CLANG_WARN_OBJC_IMPLICIT_RETAIN_SELF = YES;
				CLANG_WARN_OBJC_LITERAL_CONVERSION = YES;
				CLANG_WARN_OBJC_ROOT_CLASS = YES_ERROR;
				CLANG_WARN_QUOTED_INCLUDE_IN_FRAMEWORK_HEADER = YES;
				CLANG_WARN_RANGE_LOOP_ANALYSIS = YES;
				CLANG_WARN_STRICT_PROTOTYPES = YES;
				CLANG_WARN_SUSPICIOUS_MOVE = YES;
				CLANG_WARN_UNGUARDED_AVAILABILITY = YES_AGGRESSIVE;
				CLANG_WARN_UNREACHABLE_CODE = YES;
				CLANG_WARN__DUPLICATE_METHOD_MATCH = YES;
				COPY_PHASE_STRIP = NO;
				DEBUG_INFORMATION_FORMAT = "dwarf-with-dsym";
				ENABLE_NS_ASSERTIONS = NO;
				ENABLE_STRICT_OBJC_MSGSEND = YES;
				GCC_C_LANGUAGE_STANDARD = gnu11;
				GCC_NO_COMMON_BLOCKS = YES;
				GCC_WARN_64_TO_32_BIT_CONVERSION = YES;
				GCC_WARN_ABOUT_RETURN_TYPE = YES_ERROR;
				GCC_WARN_UNDECLARED_SELECTOR = YES;
				GCC_WARN_UNINITIALIZED_AUTOS = YES_AGGRESSIVE;
				GCC_WARN_UNUSED_FUNCTION = YES;
				GCC_WARN_UNUSED_VARIABLE = YES;
				IPHONEOS_DEPLOYMENT_TARGET = 14.4;
				MTL_ENABLE_DEBUG_INFO = NO;
				MTL_FAST_MATH = YES;
				SDKROOT = iphoneos;
				SWIFT_COMPILATION_MODE = wholemodule;
				SWIFT_OPTIMIZATION_LEVEL = "-O";
				VALIDATE_PRODUCT = YES;
			};
			name = Release;
		};
		0BAFB66F25CD8B13005579D8 /* Debug */ = {
			isa = XCBuildConfiguration;
			buildSettings = {
				ASSETCATALOG_COMPILER_APPICON_NAME = AppIcon;
				ASSETCATALOG_COMPILER_GLOBAL_ACCENT_COLOR_NAME = AccentColor;
				CODE_SIGN_STYLE = Automatic;
				DEVELOPMENT_ASSET_PATHS = "\"Landmarks/Preview Content\"";
				DEVELOPMENT_TEAM = ZBHLSKUQ85;
				ENABLE_PREVIEWS = YES;
				INFOPLIST_FILE = Landmarks/Info.plist;
				IPHONEOS_DEPLOYMENT_TARGET = 14.0;
				LD_RUNPATH_SEARCH_PATHS = (
					"$(inherited)",
					"@executable_path/Frameworks",
				);
				PRODUCT_BUNDLE_IDENTIFIER = petino.Landmarks;
				PRODUCT_NAME = "$(TARGET_NAME)";
				SWIFT_VERSION = 5.0;
				TARGETED_DEVICE_FAMILY = "1,2";
			};
			name = Debug;
		};
		0BAFB67025CD8B13005579D8 /* Release */ = {
			isa = XCBuildConfiguration;
			buildSettings = {
				ASSETCATALOG_COMPILER_APPICON_NAME = AppIcon;
				ASSETCATALOG_COMPILER_GLOBAL_ACCENT_COLOR_NAME = AccentColor;
				CODE_SIGN_STYLE = Automatic;
				DEVELOPMENT_ASSET_PATHS = "\"Landmarks/Preview Content\"";
				DEVELOPMENT_TEAM = ZBHLSKUQ85;
				ENABLE_PREVIEWS = YES;
				INFOPLIST_FILE = Landmarks/Info.plist;
				IPHONEOS_DEPLOYMENT_TARGET = 14.0;
				LD_RUNPATH_SEARCH_PATHS = (
					"$(inherited)",
					"@executable_path/Frameworks",
				);
				PRODUCT_BUNDLE_IDENTIFIER = petino.Landmarks;
				PRODUCT_NAME = "$(TARGET_NAME)";
				SWIFT_VERSION = 5.0;
				TARGETED_DEVICE_FAMILY = "1,2";
			};
			name = Release;
		};
		0BAFB67225CD8B13005579D8 /* Debug */ = {
			isa = XCBuildConfiguration;
			buildSettings = {
				ALWAYS_EMBED_SWIFT_STANDARD_LIBRARIES = YES;
				BUNDLE_LOADER = "$(TEST_HOST)";
				CODE_SIGN_STYLE = Automatic;
				DEVELOPMENT_TEAM = ZBHLSKUQ85;
				INFOPLIST_FILE = LandmarksTests/Info.plist;
				IPHONEOS_DEPLOYMENT_TARGET = 14.0;
				LD_RUNPATH_SEARCH_PATHS = (
					"$(inherited)",
					"@executable_path/Frameworks",
					"@loader_path/Frameworks",
				);
				PRODUCT_BUNDLE_IDENTIFIER = petino.LandmarksTests;
				PRODUCT_NAME = "$(TARGET_NAME)";
				SWIFT_VERSION = 5.0;
				TARGETED_DEVICE_FAMILY = "1,2";
				TEST_HOST = "$(BUILT_PRODUCTS_DIR)/Landmarks.app/Landmarks";
			};
			name = Debug;
		};
		0BAFB67325CD8B13005579D8 /* Release */ = {
			isa = XCBuildConfiguration;
			buildSettings = {
				ALWAYS_EMBED_SWIFT_STANDARD_LIBRARIES = YES;
				BUNDLE_LOADER = "$(TEST_HOST)";
				CODE_SIGN_STYLE = Automatic;
				DEVELOPMENT_TEAM = ZBHLSKUQ85;
				INFOPLIST_FILE = LandmarksTests/Info.plist;
				IPHONEOS_DEPLOYMENT_TARGET = 14.0;
				LD_RUNPATH_SEARCH_PATHS = (
					"$(inherited)",
					"@executable_path/Frameworks",
					"@loader_path/Frameworks",
				);
				PRODUCT_BUNDLE_IDENTIFIER = petino.LandmarksTests;
				PRODUCT_NAME = "$(TARGET_NAME)";
				SWIFT_VERSION = 5.0;
				TARGETED_DEVICE_FAMILY = "1,2";
				TEST_HOST = "$(BUILT_PRODUCTS_DIR)/Landmarks.app/Landmarks";
			};
			name = Release;
		};
		0BAFB67525CD8B13005579D8 /* Debug */ = {
			isa = XCBuildConfiguration;
			buildSettings = {
				ALWAYS_EMBED_SWIFT_STANDARD_LIBRARIES = YES;
				CODE_SIGN_STYLE = Automatic;
				DEVELOPMENT_TEAM = ZBHLSKUQ85;
				INFOPLIST_FILE = LandmarksUITests/Info.plist;
				LD_RUNPATH_SEARCH_PATHS = (
					"$(inherited)",
					"@executable_path/Frameworks",
					"@loader_path/Frameworks",
				);
				PRODUCT_BUNDLE_IDENTIFIER = petino.LandmarksUITests;
				PRODUCT_NAME = "$(TARGET_NAME)";
				SWIFT_VERSION = 5.0;
				TARGETED_DEVICE_FAMILY = "1,2";
				TEST_TARGET_NAME = Landmarks;
			};
			name = Debug;
		};
		0BAFB67625CD8B13005579D8 /* Release */ = {
			isa = XCBuildConfiguration;
			buildSettings = {
				ALWAYS_EMBED_SWIFT_STANDARD_LIBRARIES = YES;
				CODE_SIGN_STYLE = Automatic;
				DEVELOPMENT_TEAM = ZBHLSKUQ85;
				INFOPLIST_FILE = LandmarksUITests/Info.plist;
				LD_RUNPATH_SEARCH_PATHS = (
					"$(inherited)",
					"@executable_path/Frameworks",
					"@loader_path/Frameworks",
				);
				PRODUCT_BUNDLE_IDENTIFIER = petino.LandmarksUITests;
				PRODUCT_NAME = "$(TARGET_NAME)";
				SWIFT_VERSION = 5.0;
				TARGETED_DEVICE_FAMILY = "1,2";
				TEST_TARGET_NAME = Landmarks;
			};
			name = Release;
		};
/* End XCBuildConfiguration section */

/* Begin XCConfigurationList section */
		0BAFB64425CD8B12005579D8 /* Build configuration list for PBXProject "Landmarks" */ = {
			isa = XCConfigurationList;
			buildConfigurations = (
				0BAFB66C25CD8B13005579D8 /* Debug */,
				0BAFB66D25CD8B13005579D8 /* Release */,
			);
			defaultConfigurationIsVisible = 0;
			defaultConfigurationName = Release;
		};
		0BAFB66E25CD8B13005579D8 /* Build configuration list for PBXNativeTarget "Landmarks" */ = {
			isa = XCConfigurationList;
			buildConfigurations = (
				0BAFB66F25CD8B13005579D8 /* Debug */,
				0BAFB67025CD8B13005579D8 /* Release */,
			);
			defaultConfigurationIsVisible = 0;
			defaultConfigurationName = Release;
		};
		0BAFB67125CD8B13005579D8 /* Build configuration list for PBXNativeTarget "LandmarksTests" */ = {
			isa = XCConfigurationList;
			buildConfigurations = (
				0BAFB67225CD8B13005579D8 /* Debug */,
				0BAFB67325CD8B13005579D8 /* Release */,
			);
			defaultConfigurationIsVisible = 0;
			defaultConfigurationName = Release;
		};
		0BAFB67425CD8B13005579D8 /* Build configuration list for PBXNativeTarget "LandmarksUITests" */ = {
			isa = XCConfigurationList;
			buildConfigurations = (
				0BAFB67525CD8B13005579D8 /* Debug */,
				0BAFB67625CD8B13005579D8 /* Release */,
			);
			defaultConfigurationIsVisible = 0;
			defaultConfigurationName = Release;
		};
/* End XCConfigurationList section */
	};
	rootObject = 0BAFB64125CD8B12005579D8 /* Project object */;
}
